
Microsoft Visual Studio Solution File, Format Version 12.00
# Visual Studio 15
VisualStudioVersion = 15.0.27428.2005
MinimumVisualStudioVersion = 10.0.40219.1
Project("{FAE04EC0-301F-11D3-BF4B-00C04F79EFBC}") = "Scholar_Station", "Scholar_Station\Scholar_Station.csproj", "{BD5FF951-C8E6-4658-9BBA-86226C4772D8}"
EndProject
Project("{FAE04EC0-301F-11D3-BF4B-00C04F79EFBC}") = "DataAccessControler", "DataAccessControler\DataAccessControler.csproj", "{E6F2E850-BC91-4F6B-8E7E-A991C50EAB4B}"
EndProject
Project("{FAE04EC0-301F-11D3-BF4B-00C04F79EFBC}") = "ScholarStationCL", "ScholarStationCL\ScholarStationCL.csproj", "{49232F00-5D51-4613-8C29-CE2D88205A42}"
EndProject
Project("{FAE04EC0-301F-11D3-BF4B-00C04F79EFBC}") = "DataControlerUnitTest", "DataControlerUnitTest\DataControlerUnitTest.csproj", "{AF53BBBC-83D3-46E7-BA13-A291EFD3B561}"
EndProject
Project("{FAE04EC0-301F-11D3-BF4B-00C04F79EFBC}") = "UserFactoryTests", "UserFactoryTests\UserFactoryTests.csproj", "{AEB11A70-0459-4F2A-B1EA-2008328B2CE4}"
EndProject
Project("{2150E333-8FDC-42A3-9474-1A3956D46DE8}") = "Solution Items", "Solution Items", "{F1C1DB8C-8BD5-4006-8EED-E68ED7302357}"
	ProjectSection(SolutionItems) = preProject
		..\..\..\graduation_education_icon.png = ..\..\..\graduation_education_icon.png
	EndProjectSection
EndProject
Project("{FAE04EC0-301F-11D3-BF4B-00C04F79EFBC}") = "SQLHandler", "SQLHandler\SQLHandler.csproj", "{AB065320-E116-45AF-AEFD-4BA524D615F6}"
EndProject
Project("{FAE04EC0-301F-11D3-BF4B-00C04F79EFBC}") = "EmailControler", "EmailControler\EmailControler.csproj", "{FC5F0708-CF5D-434D-9A17-9C896EC53F75}"
EndProject
Project("{FAE04EC0-301F-11D3-BF4B-00C04F79EFBC}") = "EmailUnitTest", "EmailUnitTest\EmailUnitTest.csproj", "{A0B12E93-2472-4C62-ACB0-DDF5712A842F}"
EndProject
Project("{FAE04EC0-301F-11D3-BF4B-00C04F79EFBC}") = "SQLHandlerUnitTest", "SQLHandlerUnitTest\SQLHandlerUnitTest.csproj", "{775229BA-FD11-40CD-9905-498D2F09147D}"
EndProject
Global
	GlobalSection(SolutionConfigurationPlatforms) = preSolution
		Debug|Any CPU = Debug|Any CPU
		Release|Any CPU = Release|Any CPU
	EndGlobalSection
	GlobalSection(ProjectConfigurationPlatforms) = postSolution
		{BD5FF951-C8E6-4658-9BBA-86226C4772D8}.Debug|Any CPU.ActiveCfg = Debug|Any CPU
		{BD5FF951-C8E6-4658-9BBA-86226C4772D8}.Debug|Any CPU.Build.0 = Debug|Any CPU
		{BD5FF951-C8E6-4658-9BBA-86226C4772D8}.Release|Any CPU.ActiveCfg = Release|Any CPU
		{BD5FF951-C8E6-4658-9BBA-86226C4772D8}.Release|Any CPU.Build.0 = Release|Any CPU
		{E6F2E850-BC91-4F6B-8E7E-A991C50EAB4B}.Debug|Any CPU.ActiveCfg = Debug|Any CPU
		{E6F2E850-BC91-4F6B-8E7E-A991C50EAB4B}.Debug|Any CPU.Build.0 = Debug|Any CPU
		{E6F2E850-BC91-4F6B-8E7E-A991C50EAB4B}.Release|Any CPU.ActiveCfg = Release|Any CPU
		{E6F2E850-BC91-4F6B-8E7E-A991C50EAB4B}.Release|Any CPU.Build.0 = Release|Any CPU
		{49232F00-5D51-4613-8C29-CE2D88205A42}.Debug|Any CPU.ActiveCfg = Debug|Any CPU
		{49232F00-5D51-4613-8C29-CE2D88205A42}.Debug|Any CPU.Build.0 = Debug|Any CPU
		{49232F00-5D51-4613-8C29-CE2D88205A42}.Release|Any CPU.ActiveCfg = Release|Any CPU
		{49232F00-5D51-4613-8C29-CE2D88205A42}.Release|Any CPU.Build.0 = Release|Any CPU
		{AF53BBBC-83D3-46E7-BA13-A291EFD3B561}.Debug|Any CPU.ActiveCfg = Debug|Any CPU
		{AF53BBBC-83D3-46E7-BA13-A291EFD3B561}.Debug|Any CPU.Build.0 = Debug|Any CPU
		{AF53BBBC-83D3-46E7-BA13-A291EFD3B561}.Release|Any CPU.ActiveCfg = Release|Any CPU
		{AF53BBBC-83D3-46E7-BA13-A291EFD3B561}.Release|Any CPU.Build.0 = Release|Any CPU
		{AEB11A70-0459-4F2A-B1EA-2008328B2CE4}.Debug|Any CPU.ActiveCfg = Debug|Any CPU
		{AEB11A70-0459-4F2A-B1EA-2008328B2CE4}.Debug|Any CPU.Build.0 = Debug|Any CPU
		{AEB11A70-0459-4F2A-B1EA-2008328B2CE4}.Release|Any CPU.ActiveCfg = Release|Any CPU
		{AEB11A70-0459-4F2A-B1EA-2008328B2CE4}.Release|Any CPU.Build.0 = Release|Any CPU
		{AB065320-E116-45AF-AEFD-4BA524D615F6}.Debug|Any CPU.ActiveCfg = Debug|Any CPU
		{AB065320-E116-45AF-AEFD-4BA524D615F6}.Debug|Any CPU.Build.0 = Debug|Any CPU
		{AB065320-E116-45AF-AEFD-4BA524D615F6}.Release|Any CPU.ActiveCfg = Release|Any CPU
		{AB065320-E116-45AF-AEFD-4BA524D615F6}.Release|Any CPU.Build.0 = Release|Any CPU
		{FC5F0708-CF5D-434D-9A17-9C896EC53F75}.Debug|Any CPU.ActiveCfg = Debug|Any CPU
		{FC5F0708-CF5D-434D-9A17-9C896EC53F75}.Debug|Any CPU.Build.0 = Debug|Any CPU
		{FC5F0708-CF5D-434D-9A17-9C896EC53F75}.Release|Any CPU.ActiveCfg = Release|Any CPU
		{FC5F0708-CF5D-434D-9A17-9C896EC53F75}.Release|Any CPU.Build.0 = Release|Any CPU
		{A0B12E93-2472-4C62-ACB0-DDF5712A842F}.Debug|Any CPU.ActiveCfg = Debug|Any CPU
		{A0B12E93-2472-4C62-ACB0-DDF5712A842F}.Debug|Any CPU.Build.0 = Debug|Any CPU
		{A0B12E93-2472-4C62-ACB0-DDF5712A842F}.Release|Any CPU.ActiveCfg = Release|Any CPU
		{A0B12E93-2472-4C62-ACB0-DDF5712A842F}.Release|Any CPU.Build.0 = Release|Any CPU
		{775229BA-FD11-40CD-9905-498D2F09147D}.Debug|Any CPU.ActiveCfg = Debug|Any CPU
		{775229BA-FD11-40CD-9905-498D2F09147D}.Debug|Any CPU.Build.0 = Debug|Any CPU
		{775229BA-FD11-40CD-9905-498D2F09147D}.Release|Any CPU.ActiveCfg = Release|Any CPU
		{775229BA-FD11-40CD-9905-498D2F09147D}.Release|Any CPU.Build.0 = Release|Any CPU
	EndGlobalSection
	GlobalSection(SolutionProperties) = preSolution
		HideSolutionNode = FALSE
	EndGlobalSection
	GlobalSection(ExtensibilityGlobals) = postSolution
		SolutionGuid = {7F4E730A-4A6E-4258-BAA4-9EFA6C390FED}
	EndGlobalSection
EndGlobal
